// !$*UTF8*$!
{
	archiveVersion = 1;
	classes = {
	};
	objectVersion = 46;
	objects = {

/* Begin PBXBuildFile section */
		B28249DE1D601F2900A410D5 /* AppDelegate.swift in Sources */ = {isa = PBXBuildFile; fileRef = B28249DD1D601F2900A410D5 /* AppDelegate.swift */; };
		B28249E01D601F2900A410D5 /* ViewController.swift in Sources */ = {isa = PBXBuildFile; fileRef = B28249DF1D601F2900A410D5 /* ViewController.swift */; };
		B28249E31D601F2900A410D5 /* Main.storyboard in Resources */ = {isa = PBXBuildFile; fileRef = B28249E11D601F2900A410D5 /* Main.storyboard */; };
		B28249E51D601F2900A410D5 /* Assets.xcassets in Resources */ = {isa = PBXBuildFile; fileRef = B28249E41D601F2900A410D5 /* Assets.xcassets */; };
		B28249E81D601F2900A410D5 /* LaunchScreen.storyboard in Resources */ = {isa = PBXBuildFile; fileRef = B28249E61D601F2900A410D5 /* LaunchScreen.storyboard */; };
		B28249F31D601FED00A410D5 /* Blood.png in Resources */ = {isa = PBXBuildFile; fileRef = B28249F01D601FED00A410D5 /* Blood.png */; };
		B28249F41D601FED00A410D5 /* Moon.png in Resources */ = {isa = PBXBuildFile; fileRef = B28249F11D601FED00A410D5 /* Moon.png */; };
		B28249F51D601FED00A410D5 /* Sun.png in Resources */ = {isa = PBXBuildFile; fileRef = B28249F21D601FED00A410D5 /* Sun.png */; };
/* End PBXBuildFile section */

/* Begin PBXFileReference section */
		B28249DA1D601F2900A410D5 /* weather.app */ = {isa = PBXFileReference; explicitFileType = wrapper.application; includeInIndex = 0; path = weather.app; sourceTree = BUILT_PRODUCTS_DIR; };
		B28249DD1D601F2900A410D5 /* AppDelegate.swift */ = {isa = PBXFileReference; lastKnownFileType = sourcecode.swift; path = AppDelegate.swift; sourceTree = "<group>"; };
		B28249DF1D601F2900A410D5 /* ViewController.swift */ = {isa = PBXFileReference; lastKnownFileType = sourcecode.swift; path = ViewController.swift; sourceTree = "<group>"; };
		B28249E21D601F2900A410D5 /* Base */ = {isa = PBXFileReference; lastKnownFileType = file.storyboard; name = Base; path = Base.lproj/Main.storyboard; sourceTree = "<group>"; };
		B28249E41D601F2900A410D5 /* Assets.xcassets */ = {isa = PBXFileReference; lastKnownFileType = folder.assetcatalog; path = Assets.xcassets; sourceTree = "<group>"; };
		B28249E71D601F2900A410D5 /* Base */ = {isa = PBXFileReference; lastKnownFileType = file.storyboard; name = Base; path = Base.lproj/LaunchScreen.storyboard; sourceTree = "<group>"; };
		B28249E91D601F2900A410D5 /* Info.plist */ = {isa = PBXFileReference; lastKnownFileType = text.plist.xml; path = Info.plist; sourceTree = "<group>"; };
		B28249F01D601FED00A410D5 /* Blood.png */ = {isa = PBXFileReference; lastKnownFileType = image.png; name = Blood.png; path = "../../../weather/Background Images/Blood.png"; sourceTree = "<group>"; };
		B28249F11D601FED00A410D5 /* Moon.png */ = {isa = PBXFileReference; lastKnownFileType = image.png; name = Moon.png; path = "../../../weather/Background Images/Moon.png"; sourceTree = "<group>"; };
		B28249F21D601FED00A410D5 /* Sun.png */ = {isa = PBXFileReference; lastKnownFileType = image.png; name = Sun.png; path = "../../../weather/Background Images/Sun.png"; sourceTree = "<group>"; };
/* End PBXFileReference section */

/* Begin PBXFrameworksBuildPhase section */
		B28249D71D601F2900A410D5 /* Frameworks */ = {
			isa = PBXFrameworksBuildPhase;
			buildActionMask = 2147483647;
			files = (
			);
			runOnlyForDeploymentPostprocessing = 0;
		};
/* End PBXFrameworksBuildPhase section */

/* Begin PBXGroup section */
		B28249D11D601F2900A410D5 = {
			isa = PBXGroup;
			children = (
				B28249DC1D601F2900A410D5 /* weather */,
				B28249DB1D601F2900A410D5 /* Products */,
			);
			sourceTree = "<group>";
		};
		B28249DB1D601F2900A410D5 /* Products */ = {
			isa = PBXGroup;
			children = (
				B28249DA1D601F2900A410D5 /* weather.app */,
			);
			name = Products;
			sourceTree = "<group>";
		};
		B28249DC1D601F2900A410D5 /* weather */ = {
			isa = PBXGroup;
			children = (
				B28249EF1D601FD400A410D5 /* BACKGROUND */,
				B28249DD1D601F2900A410D5 /* AppDelegate.swift */,
				B28249DF1D601F2900A410D5 /* ViewController.swift */,
				B28249E11D601F2900A410D5 /* Main.storyboard */,
				B28249E41D601F2900A410D5 /* Assets.xcassets */,
				B28249E61D601F2900A410D5 /* LaunchScreen.storyboard */,
				B28249E91D601F2900A410D5 /* Info.plist */,
			);
			path = weather;
			sourceTree = "<group>";
		};
		B28249EF1D601FD400A410D5 /* BACKGROUND */ = {
			isa = PBXGroup;
			children = (
				B28249F01D601FED00A410D5 /* Blood.png */,
				B28249F11D601FED00A410D5 /* Moon.png */,
				B28249F21D601FED00A410D5 /* Sun.png */,
			);
			name = BACKGROUND;
			sourceTree = "<group>";
		};
/* End PBXGroup section */

/* Begin PBXNativeTarget section */
		B28249D91D601F2900A410D5 /* weather */ = {
			isa = PBXNativeTarget;
			buildConfigurationList = B28249EC1D601F2900A410D5 /* Build configuration list for PBXNativeTarget "weather" */;
			buildPhases = (
				B28249D61D601F2900A410D5 /* Sources */,
				B28249D71D601F2900A410D5 /* Frameworks */,
				B28249D81D601F2900A410D5 /* Resources */,
			);
			buildRules = (
			);
			dependencies = (
			);
			name = weather;
			productName = weather;
			productReference = B28249DA1D601F2900A410D5 /* weather.app */;
			productType = "com.apple.product-type.application";
		};
/* End PBXNativeTarget section */

/* Begin PBXProject section */
		B28249D21D601F2900A410D5 /* Project object */ = {
			isa = PBXProject;
			attributes = {
				LastSwiftUpdateCheck = 0730;
				LastUpgradeCheck = 0730;
				ORGANIZATIONNAME = "do duy hung";
				TargetAttributes = {
					B28249D91D601F2900A410D5 = {
						CreatedOnToolsVersion = 7.3.1;
					};
				};
			};
			buildConfigurationList = B28249D51D601F2900A410D5 /* Build configuration list for PBXProject "weather" */;
			compatibilityVersion = "Xcode 3.2";
			developmentRegion = English;
			hasScannedForEncodings = 0;
			knownRegions = (
				en,
				Base,
			);
			mainGroup = B28249D11D601F2900A410D5;
			productRefGroup = B28249DB1D601F2900A410D5 /* Products */;
			projectDirPath = "";
			projectRoot = "";
			targets = (
				B28249D91D601F2900A410D5 /* weather */,
			);
		};
/* End PBXProject section */

/* Begin PBXResourcesBuildPhase section */
		B28249D81D601F2900A410D5 /* Resources */ = {
			isa = PBXResourcesBuildPhase;
			buildActionMask = 2147483647;
			files = (
				B28249F51D601FED00A410D5 /* Sun.png in Resources */,
				B28249F31D601FED00A410D5 /* Blood.png in Resources */,
				B28249E81D601F2900A410D5 /* LaunchScreen.storyboard in Resources */,
				B28249F41D601FED00A410D5 /* Moon.png in Resources */,
				B28249E51D601F2900A410D5 /* Assets.xcassets in Resources */,
				B28249E31D601F2900A410D5 /* Main.storyboard in Resources */,
			);
			runOnlyForDeploymentPostprocessing = 0;
		};
/* End PBXResourcesBuildPhase section */

/* Begin PBXSourcesBuildPhase section */
		B28249D61D601F2900A410D5 /* Sources */ = {
			isa = PBXSourcesBuildPhase;
			buildActionMask = 2147483647;
			files = (
				B28249E01D601F2900A410D5 /* ViewController.swift in Sources */,
				B28249DE1D601F2900A410D5 /* AppDelegate.swift in Sources */,
			);
			runOnlyForDeploymentPostprocessing = 0;
		};
/* End PBXSourcesBuildPhase section */

/* Begin PBXVariantGroup section */
		B28249E11D601F2900A410D5 /* Main.storyboard */ = {
			isa = PBXVariantGroup;
			children = (
				B28249E21D601F2900A410D5 /* Base */,
			);
			name = Main.storyboard;
			sourceTree = "<group>";
		};
		B28249E61D601F2900A410D5 /* LaunchScreen.storyboard */ = {
			isa = PBXVariantGroup;
			children = (
				B28249E71D601F2900A410D5 /* Base */,
			);
			name = LaunchScreen.storyboard;
			sourceTree = "<group>";
		};
/* End PBXVariantGroup section */

/* Begin XCBuildConfiguration section */
		B28249EA1D601F2900A410D5 /* Debug */ = {
			isa = XCBuildConfiguration;
			buildSettings = {
				ALWAYS_SEARCH_USER_PATHS = NO;
				CLANG_ANALYZER_NONNULL = YES;
				CLANG_CXX_LANGUAGE_STANDARD = "gnu++0x";
				CLANG_CXX_LIBRARY = "libc++";
				CLANG_ENABLE_MODULES = YES;
				CLANG_ENABLE_OBJC_ARC = YES;
				CLANG_WARN_BOOL_CONVERSION = YES;
				CLANG_WARN_CONSTANT_CONVERSION = YES;
				CLANG_WARN_DIRECT_OBJC_ISA_USAGE = YES_ERROR;
				CLANG_WARN_EMPTY_BODY = YES;
				CLANG_WARN_ENUM_CONVERSION = YES;
				CLANG_WARN_INT_CONVERSION = YES;
				CLANG_WARN_OBJC_ROOT_CLASS = YES_ERROR;
				CLANG_WARN_UNREACHABLE_CODE = YES;
				CLANG_WARN__DUPLICATE_METHOD_MATCH = YES;
				"CODE_SIGN_IDENTITY[sdk=iphoneos*]" = "iPhone Developer";
				COPY_PHASE_STRIP = NO;
				DEBUG_INFORMATION_FORMAT = dwarf;
				ENABLE_STRICT_OBJC_MSGSEND = YES;
				ENABLE_TESTABILITY = YES;
				GCC_C_LANGUAGE_STANDARD = gnu99;
				GCC_DYNAMIC_NO_PIC = NO;
				GCC_NO_COMMON_BLOCKS = YES;
				GCC_OPTIMIZATION_LEVEL = 0;
				GCC_PREPROCESSOR_DEFINITIONS = (
					"DEBUG=1",
					"$(inherited)",
				);
				GCC_WARN_64_TO_32_BIT_CONVERSION = YES;
				GCC_WARN_ABOUT_RETURN_TYPE = YES_ERROR;
				GCC_WARN_UNDECLARED_SELECTOR = YES;
				GCC_WARN_UNINITIALIZED_AUTOS = YES_AGGRESSIVE;
				GCC_WARN_UNUSED_FUNCTION = YES;
				GCC_WARN_UNUSED_VARIABLE = YES;
				IPHONEOS_DEPLOYMENT_TARGET = 9.3;
				MTL_ENABLE_DEBUG_INFO = YES;
				ONLY_ACTIVE_ARCH = YES;
				SDKROOT = iphoneos;
				SWIFT_OPTIMIZATION_LEVEL = "-Onone";
			};
			name = Debug;
		};
		B28249EB1D601F2900A410D5 /* Release */ = {
			isa = XCBuildConfiguration;
			buildSettings = {
				ALWAYS_SEARCH_USER_PATHS = NO;
				CLANG_ANALYZER_NONNULL = YES;
				CLANG_CXX_LANGUAGE_STANDARD = "gnu++0x";
				CLANG_CXX_LIBRARY = "libc++";
				CLANG_ENABLE_MODULES = YES;
				CLANG_ENABLE_OBJC_ARC = YES;
				CLANG_WARN_BOOL_CONVERSION = YES;
				CLANG_WARN_CONSTANT_CONVERSION = YES;
				CLANG_WARN_DIRECT_OBJC_ISA_USAGE = YES_ERROR;
				CLANG_WARN_EMPTY_BODY = YES;
				CLANG_WARN_ENUM_CONVERSION = YES;
				CLANG_WARN_INT_CONVERSION = YES;
				CLANG_WARN_OBJC_ROOT_CLASS = YES_ERROR;
				CLANG_WARN_UNREACHABLE_CODE = YES;
				CLANG_WARN__DUPLICATE_METHOD_MATCH = YES;
				"CODE_SIGN_IDENTITY[sdk=iphoneos*]" = "iPhone Developer";
				COPY_PHASE_STRIP = NO;
				DEBUG_INFORMATION_FORMAT = "dwarf-with-dsym";
				ENABLE_NS_ASSERTIONS = NO;
				ENABLE_STRICT_OBJC_MSGSEND = YES;
				GCC_C_LANGUAGE_STANDARD = gnu99;
				GCC_NO_COMMON_BLOCKS = YES;
				GCC_WARN_64_TO_32_BIT_CONVERSION = YES;
				GCC_WARN_ABOUT_RETURN_TYPE = YES_ERROR;
				GCC_WARN_UNDECLARED_SELECTOR = YES;
				GCC_WARN_UNINITIALIZED_AUTOS = YES_AGGRESSIVE;
				GCC_WARN_UNUSED_FUNCTION = YES;
				GCC_WARN_UNUSED_VARIABLE = YES;
				IPHONEOS_DEPLOYMENT_TARGET = 9.3;
				MTL_ENABLE_DEBUG_INFO = NO;
				SDKROOT = iphoneos;
				VALIDATE_PRODUCT = YES;
			};
			name = Release;
		};
		B28249ED1D601F2900A410D5 /* Debug */ = {
			isa = XCBuildConfiguration;
			buildSettings = {
				ASSETCATALOG_COMPILER_APPICON_NAME = AppIcon;
				INFOPLIST_FILE = weather/Info.plist;
				LD_RUNPATH_SEARCH_PATHS = "$(inherited) @executable_path/Frameworks";
				PRODUCT_BUNDLE_IDENTIFIER = hung.weather;
				PRODUCT_NAME = "$(TARGET_NAME)";
			};
			name = Debug;
		};
		B28249EE1D601F2900A410D5 /* Release */ = {
			isa = XCBuildConfiguration;
			buildSettings = {
				ASSETCATALOG_COMPILER_APPICON_NAME = AppIcon;
				INFOPLIST_FILE = weather/Info.plist;
				LD_RUNPATH_SEARCH_PATHS = "$(inherited) @executable_path/Frameworks";
				PRODUCT_BUNDLE_IDENTIFIER = hung.weather;
				PRODUCT_NAME = "$(TARGET_NAME)";
			};
			name = Release;
		};
/* End XCBuildConfiguration section */

/* Begin XCConfigurationList section */
		B28249D51D601F2900A410D5 /* Build configuration list for PBXProject "weather" */ = {
			isa = XCConfigurationList;
			buildConfigurations = (
				B28249EA1D601F2900A410D5 /* Debug */,
				B28249EB1D601F2900A410D5 /* Release */,
			);
			defaultConfigurationIsVisible = 0;
			defaultConfigurationName = Release;
		};
		B28249EC1D601F2900A410D5 /* Build configuration list for PBXNativeTarget "weather" */ = {
			isa = XCConfigurationList;
			buildConfigurations = (
				B28249ED1D601F2900A410D5 /* Debug */,
				B28249EE1D601F2900A410D5 /* Release */,
			);
			defaultConfigurationIsVisible = 0;
		};
/* End XCConfigurationList section */
	};
	rootObject = B28249D21D601F2900A410D5 /* Project object */;
}
